// !$*UTF8*$!
{
	archiveVersion = 1;
	classes = {
	};
	objectVersion = 48;
	objects = {

/* Begin PBXBuildFile section */
		0A38208E1B07AF6DB058C2E1 /* Pods_Ravenswood_Sign_Up.framework in Frameworks */ = {isa = PBXBuildFile; fileRef = C78F1110E4147FADFE16FA93 /* Pods_Ravenswood_Sign_Up.framework */; };
		1109D30A20B255FF003FC4A5 /* AdminCreateEventViewController.swift in Sources */ = {isa = PBXBuildFile; fileRef = 1109D30920B255FF003FC4A5 /* AdminCreateEventViewController.swift */; };
		111210EA21583D3400CE4B41 /* EventInfoViewController.swift in Sources */ = {isa = PBXBuildFile; fileRef = 111210E921583D3400CE4B41 /* EventInfoViewController.swift */; };
		11A618E720D7484D0065AF2E /* TImePicker.swift in Sources */ = {isa = PBXBuildFile; fileRef = 11A618E620D7484C0065AF2E /* TImePicker.swift */; };
		53594C0420368854000B383F /* EventTableViewCell.swift in Sources */ = {isa = PBXBuildFile; fileRef = 53594C0320368854000B383F /* EventTableViewCell.swift */; };
		53B569DB2027EF9600929CF7 /* GoogleService-Info.plist in Resources */ = {isa = PBXBuildFile; fileRef = 53B569DA2027EF9600929CF7 /* GoogleService-Info.plist */; };
		53B569DD202813ED00929CF7 /* EventTableViewController.swift in Sources */ = {isa = PBXBuildFile; fileRef = 53B569DC202813ED00929CF7 /* EventTableViewController.swift */; };
		53B569DF20281D2000929CF7 /* EventData.swift in Sources */ = {isa = PBXBuildFile; fileRef = 53B569DE20281D2000929CF7 /* EventData.swift */; };
		53CA1791201EBF8000018837 /* AppDelegate.swift in Sources */ = {isa = PBXBuildFile; fileRef = 53CA1790201EBF8000018837 /* AppDelegate.swift */; };
		53CA1793201EBF8000018837 /* VolunteerSignUpViewController.swift in Sources */ = {isa = PBXBuildFile; fileRef = 53CA1792201EBF8000018837 /* VolunteerSignUpViewController.swift */; };
		53CA1796201EBF8000018837 /* Main.storyboard in Resources */ = {isa = PBXBuildFile; fileRef = 53CA1794201EBF8000018837 /* Main.storyboard */; };
		53CA1799201EBF8000018837 /* Ravenswood_Sign_Up.xcdatamodeld in Sources */ = {isa = PBXBuildFile; fileRef = 53CA1797201EBF8000018837 /* Ravenswood_Sign_Up.xcdatamodeld */; };
		53CA179B201EBF8000018837 /* Assets.xcassets in Resources */ = {isa = PBXBuildFile; fileRef = 53CA179A201EBF8000018837 /* Assets.xcassets */; };
		53CA179E201EBF8000018837 /* LaunchScreen.storyboard in Resources */ = {isa = PBXBuildFile; fileRef = 53CA179C201EBF8000018837 /* LaunchScreen.storyboard */; };
/* End PBXBuildFile section */

/* Begin PBXFileReference section */
		1109D30920B255FF003FC4A5 /* AdminCreateEventViewController.swift */ = {isa = PBXFileReference; lastKnownFileType = sourcecode.swift; path = AdminCreateEventViewController.swift; sourceTree = "<group>"; };
		111210E921583D3400CE4B41 /* EventInfoViewController.swift */ = {isa = PBXFileReference; lastKnownFileType = sourcecode.swift; path = EventInfoViewController.swift; sourceTree = "<group>"; };
		11A618E620D7484C0065AF2E /* TImePicker.swift */ = {isa = PBXFileReference; lastKnownFileType = sourcecode.swift; path = TImePicker.swift; sourceTree = "<group>"; };
		122BAC0BE19BF8013C582C97 /* Pods-Ravenswood Sign-Up.debug.xcconfig */ = {isa = PBXFileReference; includeInIndex = 1; lastKnownFileType = text.xcconfig; name = "Pods-Ravenswood Sign-Up.debug.xcconfig"; path = "Pods/Target Support Files/Pods-Ravenswood Sign-Up/Pods-Ravenswood Sign-Up.debug.xcconfig"; sourceTree = "<group>"; };
		53594C0320368854000B383F /* EventTableViewCell.swift */ = {isa = PBXFileReference; lastKnownFileType = sourcecode.swift; path = EventTableViewCell.swift; sourceTree = "<group>"; };
		53B569DA2027EF9600929CF7 /* GoogleService-Info.plist */ = {isa = PBXFileReference; fileEncoding = 4; lastKnownFileType = text.plist.xml; path = "GoogleService-Info.plist"; sourceTree = "<group>"; };
		53B569DC202813ED00929CF7 /* EventTableViewController.swift */ = {isa = PBXFileReference; lastKnownFileType = sourcecode.swift; path = EventTableViewController.swift; sourceTree = "<group>"; };
		53B569DE20281D2000929CF7 /* EventData.swift */ = {isa = PBXFileReference; lastKnownFileType = sourcecode.swift; path = EventData.swift; sourceTree = "<group>"; };
		53CA178D201EBF8000018837 /* Ravenswood Sign-Up.app */ = {isa = PBXFileReference; explicitFileType = wrapper.application; includeInIndex = 0; path = "Ravenswood Sign-Up.app"; sourceTree = BUILT_PRODUCTS_DIR; };
		53CA1790201EBF8000018837 /* AppDelegate.swift */ = {isa = PBXFileReference; lastKnownFileType = sourcecode.swift; path = AppDelegate.swift; sourceTree = "<group>"; };
		53CA1792201EBF8000018837 /* VolunteerSignUpViewController.swift */ = {isa = PBXFileReference; lastKnownFileType = sourcecode.swift; path = VolunteerSignUpViewController.swift; sourceTree = "<group>"; };
		53CA1795201EBF8000018837 /* Base */ = {isa = PBXFileReference; lastKnownFileType = file.storyboard; name = Base; path = Base.lproj/Main.storyboard; sourceTree = "<group>"; };
		53CA1798201EBF8000018837 /* Ravenswood_Sign_Up.xcdatamodel */ = {isa = PBXFileReference; lastKnownFileType = wrapper.xcdatamodel; path = Ravenswood_Sign_Up.xcdatamodel; sourceTree = "<group>"; };
		53CA179A201EBF8000018837 /* Assets.xcassets */ = {isa = PBXFileReference; lastKnownFileType = folder.assetcatalog; path = Assets.xcassets; sourceTree = "<group>"; };
		53CA179D201EBF8000018837 /* Base */ = {isa = PBXFileReference; lastKnownFileType = file.storyboard; name = Base; path = Base.lproj/LaunchScreen.storyboard; sourceTree = "<group>"; };
		53CA179F201EBF8000018837 /* Info.plist */ = {isa = PBXFileReference; lastKnownFileType = text.plist.xml; path = Info.plist; sourceTree = "<group>"; };
		C78F1110E4147FADFE16FA93 /* Pods_Ravenswood_Sign_Up.framework */ = {isa = PBXFileReference; explicitFileType = wrapper.framework; includeInIndex = 0; path = Pods_Ravenswood_Sign_Up.framework; sourceTree = BUILT_PRODUCTS_DIR; };
		E7DCEBF0E94419AA971D862D /* Pods-Ravenswood Sign-Up.release.xcconfig */ = {isa = PBXFileReference; includeInIndex = 1; lastKnownFileType = text.xcconfig; name = "Pods-Ravenswood Sign-Up.release.xcconfig"; path = "Pods/Target Support Files/Pods-Ravenswood Sign-Up/Pods-Ravenswood Sign-Up.release.xcconfig"; sourceTree = "<group>"; };
/* End PBXFileReference section */

/* Begin PBXFrameworksBuildPhase section */
		53CA178A201EBF8000018837 /* Frameworks */ = {
			isa = PBXFrameworksBuildPhase;
			buildActionMask = 2147483647;
			files = (
				0A38208E1B07AF6DB058C2E1 /* Pods_Ravenswood_Sign_Up.framework in Frameworks */,
			);
			runOnlyForDeploymentPostprocessing = 0;
		};
/* End PBXFrameworksBuildPhase section */

/* Begin PBXGroup section */
		5314DAC42043B0B500197A11 /* Supporting Files */ = {
			isa = PBXGroup;
			children = (
				53CA1790201EBF8000018837 /* AppDelegate.swift */,
				53CA179A201EBF8000018837 /* Assets.xcassets */,
				53CA179C201EBF8000018837 /* LaunchScreen.storyboard */,
				53B569DA2027EF9600929CF7 /* GoogleService-Info.plist */,
				53CA1797201EBF8000018837 /* Ravenswood_Sign_Up.xcdatamodeld */,
			);
			path = "Supporting Files";
			sourceTree = "<group>";
		};
		53CA1784201EBF8000018837 = {
			isa = PBXGroup;
			children = (
				53CA178F201EBF8000018837 /* Ravenswood Sign-Up */,
				53CA178E201EBF8000018837 /* Products */,
				ADA17A67B68BAAA1C452314C /* Pods */,
				99C7D4BABB5960E16B306183 /* Frameworks */,
			);
			sourceTree = "<group>";
		};
		53CA178E201EBF8000018837 /* Products */ = {
			isa = PBXGroup;
			children = (
				53CA178D201EBF8000018837 /* Ravenswood Sign-Up.app */,
			);
			name = Products;
			sourceTree = "<group>";
		};
		53CA178F201EBF8000018837 /* Ravenswood Sign-Up */ = {
			isa = PBXGroup;
			children = (
				53CA1792201EBF8000018837 /* VolunteerSignUpViewController.swift */,
				11A618E620D7484C0065AF2E /* TImePicker.swift */,
				53CA1794201EBF8000018837 /* Main.storyboard */,
				111210E921583D3400CE4B41 /* EventInfoViewController.swift */,
				1109D30920B255FF003FC4A5 /* AdminCreateEventViewController.swift */,
				5314DAC42043B0B500197A11 /* Supporting Files */,
				53B569DC202813ED00929CF7 /* EventTableViewController.swift */,
				53CA179F201EBF8000018837 /* Info.plist */,
				53B569DE20281D2000929CF7 /* EventData.swift */,
				53594C0320368854000B383F /* EventTableViewCell.swift */,
			);
			path = "Ravenswood Sign-Up";
			sourceTree = "<group>";
		};
		99C7D4BABB5960E16B306183 /* Frameworks */ = {
			isa = PBXGroup;
			children = (
				C78F1110E4147FADFE16FA93 /* Pods_Ravenswood_Sign_Up.framework */,
			);
			name = Frameworks;
			sourceTree = "<group>";
		};
		ADA17A67B68BAAA1C452314C /* Pods */ = {
			isa = PBXGroup;
			children = (
				122BAC0BE19BF8013C582C97 /* Pods-Ravenswood Sign-Up.debug.xcconfig */,
				E7DCEBF0E94419AA971D862D /* Pods-Ravenswood Sign-Up.release.xcconfig */,
			);
			name = Pods;
			sourceTree = "<group>";
		};
/* End PBXGroup section */

/* Begin PBXNativeTarget section */
		53CA178C201EBF8000018837 /* Ravenswood Sign-Up */ = {
			isa = PBXNativeTarget;
			buildConfigurationList = 53CA17A2201EBF8000018837 /* Build configuration list for PBXNativeTarget "Ravenswood Sign-Up" */;
			buildPhases = (
				95EE5A62967F6C256D8F704A /* [CP] Check Pods Manifest.lock */,
				53CA1789201EBF8000018837 /* Sources */,
				53CA178A201EBF8000018837 /* Frameworks */,
				53CA178B201EBF8000018837 /* Resources */,
				E76CD3C05937D8B1DB96E208 /* [CP] Embed Pods Frameworks */,
			);
			buildRules = (
			);
			dependencies = (
			);
			name = "Ravenswood Sign-Up";
			productName = "Ravenswood Sign-Up";
			productReference = 53CA178D201EBF8000018837 /* Ravenswood Sign-Up.app */;
			productType = "com.apple.product-type.application";
		};
/* End PBXNativeTarget section */

/* Begin PBXProject section */
		53CA1785201EBF8000018837 /* Project object */ = {
			isa = PBXProject;
			attributes = {
				LastSwiftUpdateCheck = 0920;
				LastUpgradeCheck = 0920;
				ORGANIZATIONNAME = "Mischa Nee";
				TargetAttributes = {
					53CA178C201EBF8000018837 = {
						CreatedOnToolsVersion = 9.2;
						ProvisioningStyle = Automatic;
					};
				};
			};
			buildConfigurationList = 53CA1788201EBF8000018837 /* Build configuration list for PBXProject "Ravenswood Sign-Up" */;
			compatibilityVersion = "Xcode 8.0";
			developmentRegion = en;
			hasScannedForEncodings = 0;
			knownRegions = (
				en,
				Base,
			);
			mainGroup = 53CA1784201EBF8000018837;
			productRefGroup = 53CA178E201EBF8000018837 /* Products */;
			projectDirPath = "";
			projectRoot = "";
			targets = (
				53CA178C201EBF8000018837 /* Ravenswood Sign-Up */,
			);
		};
/* End PBXProject section */

/* Begin PBXResourcesBuildPhase section */
		53CA178B201EBF8000018837 /* Resources */ = {
			isa = PBXResourcesBuildPhase;
			buildActionMask = 2147483647;
			files = (
				53CA179E201EBF8000018837 /* LaunchScreen.storyboard in Resources */,
				53B569DB2027EF9600929CF7 /* GoogleService-Info.plist in Resources */,
				53CA179B201EBF8000018837 /* Assets.xcassets in Resources */,
				53CA1796201EBF8000018837 /* Main.storyboard in Resources */,
			);
			runOnlyForDeploymentPostprocessing = 0;
		};
/* End PBXResourcesBuildPhase section */

/* Begin PBXShellScriptBuildPhase section */
		95EE5A62967F6C256D8F704A /* [CP] Check Pods Manifest.lock */ = {
			isa = PBXShellScriptBuildPhase;
			buildActionMask = 2147483647;
			files = (
			);
			inputPaths = (
				"${PODS_PODFILE_DIR_PATH}/Podfile.lock",
				"${PODS_ROOT}/Manifest.lock",
			);
			name = "[CP] Check Pods Manifest.lock";
			outputPaths = (
				"$(DERIVED_FILE_DIR)/Pods-Ravenswood Sign-Up-checkManifestLockResult.txt",
			);
			runOnlyForDeploymentPostprocessing = 0;
			shellPath = /bin/sh;
			shellScript = "diff \"${PODS_PODFILE_DIR_PATH}/Podfile.lock\" \"${PODS_ROOT}/Manifest.lock\" > /dev/null\nif [ $? != 0 ] ; then\n    # print error to STDERR\n    echo \"error: The sandbox is not in sync with the Podfile.lock. Run 'pod install' or update your CocoaPods installation.\" >&2\n    exit 1\nfi\n# This output is used by Xcode 'outputs' to avoid re-running this script phase.\necho \"SUCCESS\" > \"${SCRIPT_OUTPUT_FILE_0}\"\n";
			showEnvVarsInLog = 0;
		};
		E76CD3C05937D8B1DB96E208 /* [CP] Embed Pods Frameworks */ = {
			isa = PBXShellScriptBuildPhase;
			buildActionMask = 2147483647;
			files = (
			);
			inputPaths = (
				"${SRCROOT}/Pods/Target Support Files/Pods-Ravenswood Sign-Up/Pods-Ravenswood Sign-Up-frameworks.sh",
				"${BUILT_PRODUCTS_DIR}/GoogleToolboxForMac/GoogleToolboxForMac.framework",
				"${BUILT_PRODUCTS_DIR}/leveldb-library/leveldb.framework",
				"${BUILT_PRODUCTS_DIR}/nanopb/nanopb.framework",
			);
			name = "[CP] Embed Pods Frameworks";
			outputPaths = (
				"${TARGET_BUILD_DIR}/${FRAMEWORKS_FOLDER_PATH}/GoogleToolboxForMac.framework",
				"${TARGET_BUILD_DIR}/${FRAMEWORKS_FOLDER_PATH}/leveldb.framework",
				"${TARGET_BUILD_DIR}/${FRAMEWORKS_FOLDER_PATH}/nanopb.framework",
			);
			runOnlyForDeploymentPostprocessing = 0;
			shellPath = /bin/sh;
			shellScript = "\"${SRCROOT}/Pods/Target Support Files/Pods-Ravenswood Sign-Up/Pods-Ravenswood Sign-Up-frameworks.sh\"\n";
			showEnvVarsInLog = 0;
		};
/* End PBXShellScriptBuildPhase section */

/* Begin PBXSourcesBuildPhase section */
		53CA1789201EBF8000018837 /* Sources */ = {
			isa = PBXSourcesBuildPhase;
			buildActionMask = 2147483647;
			files = (
				111210EA21583D3400CE4B41 /* EventInfoViewController.swift in Sources */,
				11A618E720D7484D0065AF2E /* TImePicker.swift in Sources */,
				53594C0420368854000B383F /* EventTableViewCell.swift in Sources */,
				1109D30A20B255FF003FC4A5 /* AdminCreateEventViewController.swift in Sources */,
				53CA1793201EBF8000018837 /* VolunteerSignUpViewController.swift in Sources */,
				53CA1799201EBF8000018837 /* Ravenswood_Sign_Up.xcdatamodeld in Sources */,
				53B569DF20281D2000929CF7 /* EventData.swift in Sources */,
				53B569DD202813ED00929CF7 /* EventTableViewController.swift in Sources */,
				53CA1791201EBF8000018837 /* AppDelegate.swift in Sources */,
			);
			runOnlyForDeploymentPostprocessing = 0;
		};
/* End PBXSourcesBuildPhase section */

/* Begin PBXVariantGroup section */
		53CA1794201EBF8000018837 /* Main.storyboard */ = {
			isa = PBXVariantGroup;
			children = (
				53CA1795201EBF8000018837 /* Base */,
			);
			name = Main.storyboard;
			sourceTree = "<group>";
		};
		53CA179C201EBF8000018837 /* LaunchScreen.storyboard */ = {
			isa = PBXVariantGroup;
			children = (
				53CA179D201EBF8000018837 /* Base */,
			);
			name = LaunchScreen.storyboard;
			sourceTree = "<group>";
		};
/* End PBXVariantGroup section */

/* Begin XCBuildConfiguration section */
		53CA17A0201EBF8000018837 /* Debug */ = {
			isa = XCBuildConfiguration;
			buildSettings = {
				ALWAYS_SEARCH_USER_PATHS = NO;
				CLANG_ANALYZER_NONNULL = YES;
				CLANG_ANALYZER_NUMBER_OBJECT_CONVERSION = YES_AGGRESSIVE;
				CLANG_CXX_LANGUAGE_STANDARD = "gnu++14";
				CLANG_CXX_LIBRARY = "libc++";
				CLANG_ENABLE_MODULES = YES;
				CLANG_ENABLE_OBJC_ARC = YES;
				CLANG_WARN_BLOCK_CAPTURE_AUTORELEASING = YES;
				CLANG_WARN_BOOL_CONVERSION = YES;
				CLANG_WARN_COMMA = YES;
				CLANG_WARN_CONSTANT_CONVERSION = YES;
				CLANG_WARN_DIRECT_OBJC_ISA_USAGE = YES_ERROR;
				CLANG_WARN_DOCUMENTATION_COMMENTS = YES;
				CLANG_WARN_EMPTY_BODY = YES;
				CLANG_WARN_ENUM_CONVERSION = YES;
				CLANG_WARN_INFINITE_RECURSION = YES;
				CLANG_WARN_INT_CONVERSION = YES;
				CLANG_WARN_NON_LITERAL_NULL_CONVERSION = YES;
				CLANG_WARN_OBJC_LITERAL_CONVERSION = YES;
				CLANG_WARN_OBJC_ROOT_CLASS = YES_ERROR;
				CLANG_WARN_RANGE_LOOP_ANALYSIS = YES;
				CLANG_WARN_STRICT_PROTOTYPES = YES;
				CLANG_WARN_SUSPICIOUS_MOVE = YES;
				CLANG_WARN_UNGUARDED_AVAILABILITY = YES_AGGRESSIVE;
				CLANG_WARN_UNREACHABLE_CODE = YES;
				CLANG_WARN__DUPLICATE_METHOD_MATCH = YES;
				CODE_SIGN_IDENTITY = "iPhone Developer";
				COPY_PHASE_STRIP = NO;
				DEBUG_INFORMATION_FORMAT = dwarf;
				ENABLE_STRICT_OBJC_MSGSEND = YES;
				ENABLE_TESTABILITY = YES;
				GCC_C_LANGUAGE_STANDARD = gnu11;
				GCC_DYNAMIC_NO_PIC = NO;
				GCC_NO_COMMON_BLOCKS = YES;
				GCC_OPTIMIZATION_LEVEL = 0;
				GCC_PREPROCESSOR_DEFINITIONS = (
					"DEBUG=1",
					"$(inherited)",
				);
				GCC_WARN_64_TO_32_BIT_CONVERSION = YES;
				GCC_WARN_ABOUT_RETURN_TYPE = YES_ERROR;
				GCC_WARN_UNDECLARED_SELECTOR = YES;
				GCC_WARN_UNINITIALIZED_AUTOS = YES_AGGRESSIVE;
				GCC_WARN_UNUSED_FUNCTION = YES;
				GCC_WARN_UNUSED_VARIABLE = YES;
				IPHONEOS_DEPLOYMENT_TARGET = 11.2;
				MTL_ENABLE_DEBUG_INFO = YES;
				ONLY_ACTIVE_ARCH = YES;
				SDKROOT = iphoneos;
				SWIFT_ACTIVE_COMPILATION_CONDITIONS = DEBUG;
				SWIFT_OPTIMIZATION_LEVEL = "-Onone";
			};
			name = Debug;
		};
		53CA17A1201EBF8000018837 /* Release */ = {
			isa = XCBuildConfiguration;
			buildSettings = {
				ALWAYS_SEARCH_USER_PATHS = NO;
				CLANG_ANALYZER_NONNULL = YES;
				CLANG_ANALYZER_NUMBER_OBJECT_CONVERSION = YES_AGGRESSIVE;
				CLANG_CXX_LANGUAGE_STANDARD = "gnu++14";
				CLANG_CXX_LIBRARY = "libc++";
				CLANG_ENABLE_MODULES = YES;
				CLANG_ENABLE_OBJC_ARC = YES;
				CLANG_WARN_BLOCK_CAPTURE_AUTORELEASING = YES;
				CLANG_WARN_BOOL_CONVERSION = YES;
				CLANG_WARN_COMMA = YES;
				CLANG_WARN_CONSTANT_CONVERSION = YES;
				CLANG_WARN_DIRECT_OBJC_ISA_USAGE = YES_ERROR;
				CLANG_WARN_DOCUMENTATION_COMMENTS = YES;
				CLANG_WARN_EMPTY_BODY = YES;
				CLANG_WARN_ENUM_CONVERSION = YES;
				CLANG_WARN_INFINITE_RECURSION = YES;
				CLANG_WARN_INT_CONVERSION = YES;
				CLANG_WARN_NON_LITERAL_NULL_CONVERSION = YES;
				CLANG_WARN_OBJC_LITERAL_CONVERSION = YES;
				CLANG_WARN_OBJC_ROOT_CLASS = YES_ERROR;
				CLANG_WARN_RANGE_LOOP_ANALYSIS = YES;
				CLANG_WARN_STRICT_PROTOTYPES = YES;
				CLANG_WARN_SUSPICIOUS_MOVE = YES;
				CLANG_WARN_UNGUARDED_AVAILABILITY = YES_AGGRESSIVE;
				CLANG_WARN_UNREACHABLE_CODE = YES;
				CLANG_WARN__DUPLICATE_METHOD_MATCH = YES;
				CODE_SIGN_IDENTITY = "iPhone Developer";
				COPY_PHASE_STRIP = NO;
				DEBUG_INFORMATION_FORMAT = "dwarf-with-dsym";
				ENABLE_NS_ASSERTIONS = NO;
				ENABLE_STRICT_OBJC_MSGSEND = YES;
				GCC_C_LANGUAGE_STANDARD = gnu11;
				GCC_NO_COMMON_BLOCKS = YES;
				GCC_WARN_64_TO_32_BIT_CONVERSION = YES;
				GCC_WARN_ABOUT_RETURN_TYPE = YES_ERROR;
				GCC_WARN_UNDECLARED_SELECTOR = YES;
				GCC_WARN_UNINITIALIZED_AUTOS = YES_AGGRESSIVE;
				GCC_WARN_UNUSED_FUNCTION = YES;
				GCC_WARN_UNUSED_VARIABLE = YES;
				IPHONEOS_DEPLOYMENT_TARGET = 11.2;
				MTL_ENABLE_DEBUG_INFO = NO;
				SDKROOT = iphoneos;
				SWIFT_OPTIMIZATION_LEVEL = "-Owholemodule";
				VALIDATE_PRODUCT = YES;
			};
			name = Release;
		};
		53CA17A3201EBF8000018837 /* Debug */ = {
			isa = XCBuildConfiguration;
			baseConfigurationReference = 122BAC0BE19BF8013C582C97 /* Pods-Ravenswood Sign-Up.debug.xcconfig */;
			buildSettings = {
				ASSETCATALOG_COMPILER_APPICON_NAME = AppIcon;
				CODE_SIGN_STYLE = Automatic;
				DEVELOPMENT_TEAM = 347QFT7L7Z;
				INFOPLIST_FILE = "Ravenswood Sign-Up/Info.plist";
				LD_RUNPATH_SEARCH_PATHS = "$(inherited) @executable_path/Frameworks";
				PRODUCT_BUNDLE_IDENTIFIER = "aarav.Ravenswood-Sign-Up";
				PRODUCT_NAME = "$(TARGET_NAME)";
				SWIFT_VERSION = 4.0;
				TARGETED_DEVICE_FAMILY = "1,2";
			};
			name = Debug;
		};
		53CA17A4201EBF8000018837 /* Release */ = {
			isa = XCBuildConfiguration;
			baseConfigurationReference = E7DCEBF0E94419AA971D862D /* Pods-Ravenswood Sign-Up.release.xcconfig */;
			buildSettings = {
				ASSETCATALOG_COMPILER_APPICON_NAME = AppIcon;
				CODE_SIGN_STYLE = Automatic;
				DEVELOPMENT_TEAM = 347QFT7L7Z;
				INFOPLIST_FILE = "Ravenswood Sign-Up/Info.plist";
				LD_RUNPATH_SEARCH_PATHS = "$(inherited) @executable_path/Frameworks";
				PRODUCT_BUNDLE_IDENTIFIER = "aarav.Ravenswood-Sign-Up";
				PRODUCT_NAME = "$(TARGET_NAME)";
				SWIFT_VERSION = 4.0;
				TARGETED_DEVICE_FAMILY = "1,2";
			};
			name = Release;
		};
/* End XCBuildConfiguration section */

/* Begin XCConfigurationList section */
		53CA1788201EBF8000018837 /* Build configuration list for PBXProject "Ravenswood Sign-Up" */ = {
			isa = XCConfigurationList;
			buildConfigurations = (
				53CA17A0201EBF8000018837 /* Debug */,
				53CA17A1201EBF8000018837 /* Release */,
			);
			defaultConfigurationIsVisible = 0;
			defaultConfigurationName = Release;
		};
		53CA17A2201EBF8000018837 /* Build configuration list for PBXNativeTarget "Ravenswood Sign-Up" */ = {
			isa = XCConfigurationList;
			buildConfigurations = (
				53CA17A3201EBF8000018837 /* Debug */,
				53CA17A4201EBF8000018837 /* Release */,
			);
			defaultConfigurationIsVisible = 0;
			defaultConfigurationName = Release;
		};
/* End XCConfigurationList section */

/* Begin XCVersionGroup section */
		53CA1797201EBF8000018837 /* Ravenswood_Sign_Up.xcdatamodeld */ = {
			isa = XCVersionGroup;
			children = (
				53CA1798201EBF8000018837 /* Ravenswood_Sign_Up.xcdatamodel */,
			);
			currentVersion = 53CA1798201EBF8000018837 /* Ravenswood_Sign_Up.xcdatamodel */;
			path = Ravenswood_Sign_Up.xcdatamodeld;
			sourceTree = "<group>";
			versionGroupType = wrapper.xcdatamodel;
		};
/* End XCVersionGroup section */
	};
	rootObject = 53CA1785201EBF8000018837 /* Project object */;
}
